
Microsoft Visual Studio Solution File, Format Version 12.00
# Visual Studio Version 16
VisualStudioVersion = 16.0.29613.14
MinimumVisualStudioVersion = 10.0.40219.1
Project("{9A19103F-16F7-4668-BE54-9A1E7A4F7556}") = "01-CreateIaaSVm", "01-CreateIaaSVm.csproj", "{408384E6-6BDA-4897-BAD1-381442FF8E4F}"
EndProject
Global
	GlobalSection(SolutionConfigurationPlatforms) = preSolution
		Debug|Any CPU = Debug|Any CPU
		Release|Any CPU = Release|Any CPU
	EndGlobalSection
	GlobalSection(ProjectConfigurationPlatforms) = postSolution
		{408384E6-6BDA-4897-BAD1-381442FF8E4F}.Debug|Any CPU.ActiveCfg = Debug|Any CPU
		{408384E6-6BDA-4897-BAD1-381442FF8E4F}.Debug|Any CPU.Build.0 = Debug|Any CPU
		{408384E6-6BDA-4897-BAD1-381442FF8E4F}.Release|Any CPU.ActiveCfg = Release|Any CPU
		{408384E6-6BDA-4897-BAD1-381442FF8E4F}.Release|Any CPU.Build.0 = Release|Any CPU
	EndGlobalSection
	GlobalSection(SolutionProperties) = preSolution
		HideSolutionNode = FALSE
	EndGlobalSection
	GlobalSection(ExtensibilityGlobals) = postSolution
		SolutionGuid = {A2B34665-87D7-4A8F-AC36-313D1C435E05}
	EndGlobalSection
EndGlobal
